
Microsoft Visual Studio Solution File, Format Version 12.00
# Visual Studio Version 17
VisualStudioVersion = 17.3.32922.545
MinimumVisualStudioVersion = 10.0.40219.1
Project("{9A19103F-16F7-4668-BE54-9A1E7A4F7556}") = "IdentityServer4Test", "IdentityServer4Test\IdentityServer4Test.csproj", "{D36B15C8-1570-4B1E-8A14-5F3F0FC8A68D}"
EndProject
Project("{9A19103F-16F7-4668-BE54-9A1E7A4F7556}") = "ProtectedWeb", "ProtectedWeb\ProtectedWeb.csproj", "{6954ADD5-5914-4E04-AFC6-34B11FAB61D3}"
EndProject
Project("{9A19103F-16F7-4668-BE54-9A1E7A4F7556}") = "RequestGenerator", "RequestGenerator\RequestGenerator.csproj", "{3B5F157F-45B5-43F5-B8DC-3185E5D431EA}"
EndProject
Global
	GlobalSection(SolutionConfigurationPlatforms) = preSolution
		Debug|Any CPU = Debug|Any CPU
		Release|Any CPU = Release|Any CPU
	EndGlobalSection
	GlobalSection(ProjectConfigurationPlatforms) = postSolution
		{D36B15C8-1570-4B1E-8A14-5F3F0FC8A68D}.Debug|Any CPU.ActiveCfg = Debug|Any CPU
		{D36B15C8-1570-4B1E-8A14-5F3F0FC8A68D}.Debug|Any CPU.Build.0 = Debug|Any CPU
		{D36B15C8-1570-4B1E-8A14-5F3F0FC8A68D}.Release|Any CPU.ActiveCfg = Release|Any CPU
		{D36B15C8-1570-4B1E-8A14-5F3F0FC8A68D}.Release|Any CPU.Build.0 = Release|Any CPU
		{6954ADD5-5914-4E04-AFC6-34B11FAB61D3}.Debug|Any CPU.ActiveCfg = Debug|Any CPU
		{6954ADD5-5914-4E04-AFC6-34B11FAB61D3}.Debug|Any CPU.Build.0 = Debug|Any CPU
		{6954ADD5-5914-4E04-AFC6-34B11FAB61D3}.Release|Any CPU.ActiveCfg = Release|Any CPU
		{6954ADD5-5914-4E04-AFC6-34B11FAB61D3}.Release|Any CPU.Build.0 = Release|Any CPU
		{3B5F157F-45B5-43F5-B8DC-3185E5D431EA}.Debug|Any CPU.ActiveCfg = Debug|Any CPU
		{3B5F157F-45B5-43F5-B8DC-3185E5D431EA}.Debug|Any CPU.Build.0 = Debug|Any CPU
		{3B5F157F-45B5-43F5-B8DC-3185E5D431EA}.Release|Any CPU.ActiveCfg = Release|Any CPU
		{3B5F157F-45B5-43F5-B8DC-3185E5D431EA}.Release|Any CPU.Build.0 = Release|Any CPU
	EndGlobalSection
	GlobalSection(SolutionProperties) = preSolution
		HideSolutionNode = FALSE
	EndGlobalSection
	GlobalSection(ExtensibilityGlobals) = postSolution
		SolutionGuid = {7C56C57D-2BD1-4075-BD3A-68127EB1B1D0}
	EndGlobalSection
EndGlobal
